
Microsoft Visual Studio Solution File, Format Version 12.00
# Visual Studio Version 17
VisualStudioVersion = 17.0.31808.319
MinimumVisualStudioVersion = 15.0.26124.0
Project("{9A19103F-16F7-4668-BE54-9A1E7A4F7556}") = "Microsoft.ComponentDetection.Common", "src\Microsoft.ComponentDetection.Common\Microsoft.ComponentDetection.Common.csproj", "{4DF6C2D6-B231-4A03-BBDE-44D9980B5F0A}"
EndProject
Project("{9A19103F-16F7-4668-BE54-9A1E7A4F7556}") = "Microsoft.ComponentDetection.Contracts", "src\Microsoft.ComponentDetection.Contracts\Microsoft.ComponentDetection.Contracts.csproj", "{15A2FC95-1232-45BF-A732-7B5CE96F7173}"
EndProject
Project("{9A19103F-16F7-4668-BE54-9A1E7A4F7556}") = "Microsoft.ComponentDetection.Detectors", "src\Microsoft.ComponentDetection.Detectors\Microsoft.ComponentDetection.Detectors.csproj", "{F0C6D4D7-3F14-4DCA-A5FC-050D987247FC}"
EndProject
Project("{9A19103F-16F7-4668-BE54-9A1E7A4F7556}") = "Microsoft.ComponentDetection", "src\Microsoft.ComponentDetection\Microsoft.ComponentDetection.csproj", "{4B3F743B-7729-48D7-B43E-AEC22AD83DE0}"
EndProject
Project("{9A19103F-16F7-4668-BE54-9A1E7A4F7556}") = "Microsoft.ComponentDetection.Orchestrator", "src\Microsoft.ComponentDetection.Orchestrator\Microsoft.ComponentDetection.Orchestrator.csproj", "{4A109A41-C5A9-4C59-B7CE-F168CBADCC83}"
EndProject
Project("{9A19103F-16F7-4668-BE54-9A1E7A4F7556}") = "Microsoft.ComponentDetection.Common.Tests", "test\Microsoft.ComponentDetection.Common.Tests\Microsoft.ComponentDetection.Common.Tests.csproj", "{6DF72D9F-7FE6-4250-8837-64AB50AA85EA}"
EndProject
Project("{9A19103F-16F7-4668-BE54-9A1E7A4F7556}") = "Microsoft.ComponentDetection.Contracts.Tests", "test\Microsoft.ComponentDetection.Contracts.Tests\Microsoft.ComponentDetection.Contracts.Tests.csproj", "{E1EE8396-BDA6-4BE3-BA79-29889DAFA871}"
EndProject
Project("{9A19103F-16F7-4668-BE54-9A1E7A4F7556}") = "Microsoft.ComponentDetection.Detectors.Tests", "test\Microsoft.ComponentDetection.Detectors.Tests\Microsoft.ComponentDetection.Detectors.Tests.csproj", "{5CC31737-F845-4056-9DD1-8F8838DD4EBD}"
EndProject
Project("{9A19103F-16F7-4668-BE54-9A1E7A4F7556}") = "Microsoft.ComponentDetection.Orchestrator.Tests", "test\Microsoft.ComponentDetection.Orchestrator.Tests\Microsoft.ComponentDetection.Orchestrator.Tests.csproj", "{411CBBC3-DA4B-4922-B5D9-3FEFC0A7696F}"
EndProject
Project("{9A19103F-16F7-4668-BE54-9A1E7A4F7556}") = "Microsoft.ComponentDetection.TestsUtilities", "test\Microsoft.ComponentDetection.TestsUtilities\Microsoft.ComponentDetection.TestsUtilities.csproj", "{AB674039-1D82-43CF-BDE5-21A14FE1B1F0}"
EndProject
Project("{2150E333-8FDC-42A3-9474-1A3956D46DE8}") = "Solution Items", "Solution Items", "{095097AB-BB67-48E4-A4EE-EB2775F02F7F}"
	ProjectSection(SolutionItems) = preProject
		Directory.Build.props = Directory.Build.props
		Directory.Build.targets = Directory.Build.targets
		Directory.Packages.props = Directory.Packages.props
	EndProjectSection
EndProject
Project("{2150E333-8FDC-42A3-9474-1A3956D46DE8}") = "src", "src", "{F452E8E5-D1AB-4B67-9FFC-5974EA1A8584}"
	ProjectSection(SolutionItems) = preProject
		src\Directory.Build.props = src\Directory.Build.props
	EndProjectSection
EndProject
Project("{2150E333-8FDC-42A3-9474-1A3956D46DE8}") = "test", "test", "{FA0D23F6-DAF3-48AE-80B7-AB44B4B4659A}"
	ProjectSection(SolutionItems) = preProject
		test\Directory.Build.props = test\Directory.Build.props
	EndProjectSection
EndProject
Global
	GlobalSection(SolutionConfigurationPlatforms) = preSolution
		Debug|Any CPU = Debug|Any CPU
		Debug|x64 = Debug|x64
		Debug|x86 = Debug|x86
		Release|Any CPU = Release|Any CPU
		Release|x64 = Release|x64
		Release|x86 = Release|x86
	EndGlobalSection
	GlobalSection(ProjectConfigurationPlatforms) = postSolution
		{4DF6C2D6-B231-4A03-BBDE-44D9980B5F0A}.Debug|Any CPU.ActiveCfg = Debug|Any CPU
		{4DF6C2D6-B231-4A03-BBDE-44D9980B5F0A}.Debug|Any CPU.Build.0 = Debug|Any CPU
		{4DF6C2D6-B231-4A03-BBDE-44D9980B5F0A}.Debug|x64.ActiveCfg = Debug|Any CPU
		{4DF6C2D6-B231-4A03-BBDE-44D9980B5F0A}.Debug|x64.Build.0 = Debug|Any CPU
		{4DF6C2D6-B231-4A03-BBDE-44D9980B5F0A}.Debug|x86.ActiveCfg = Debug|Any CPU
		{4DF6C2D6-B231-4A03-BBDE-44D9980B5F0A}.Debug|x86.Build.0 = Debug|Any CPU
		{4DF6C2D6-B231-4A03-BBDE-44D9980B5F0A}.Release|Any CPU.ActiveCfg = Release|Any CPU
		{4DF6C2D6-B231-4A03-BBDE-44D9980B5F0A}.Release|Any CPU.Build.0 = Release|Any CPU
		{4DF6C2D6-B231-4A03-BBDE-44D9980B5F0A}.Release|x64.ActiveCfg = Release|Any CPU
		{4DF6C2D6-B231-4A03-BBDE-44D9980B5F0A}.Release|x64.Build.0 = Release|Any CPU
		{4DF6C2D6-B231-4A03-BBDE-44D9980B5F0A}.Release|x86.ActiveCfg = Release|Any CPU
		{4DF6C2D6-B231-4A03-BBDE-44D9980B5F0A}.Release|x86.Build.0 = Release|Any CPU
		{15A2FC95-1232-45BF-A732-7B5CE96F7173}.Debug|Any CPU.ActiveCfg = Debug|Any CPU
		{15A2FC95-1232-45BF-A732-7B5CE96F7173}.Debug|Any CPU.Build.0 = Debug|Any CPU
		{15A2FC95-1232-45BF-A732-7B5CE96F7173}.Debug|x64.ActiveCfg = Debug|Any CPU
		{15A2FC95-1232-45BF-A732-7B5CE96F7173}.Debug|x64.Build.0 = Debug|Any CPU
		{15A2FC95-1232-45BF-A732-7B5CE96F7173}.Debug|x86.ActiveCfg = Debug|Any CPU
		{15A2FC95-1232-45BF-A732-7B5CE96F7173}.Debug|x86.Build.0 = Debug|Any CPU
		{15A2FC95-1232-45BF-A732-7B5CE96F7173}.Release|Any CPU.ActiveCfg = Release|Any CPU
		{15A2FC95-1232-45BF-A732-7B5CE96F7173}.Release|Any CPU.Build.0 = Release|Any CPU
		{15A2FC95-1232-45BF-A732-7B5CE96F7173}.Release|x64.ActiveCfg = Release|Any CPU
		{15A2FC95-1232-45BF-A732-7B5CE96F7173}.Release|x64.Build.0 = Release|Any CPU
		{15A2FC95-1232-45BF-A732-7B5CE96F7173}.Release|x86.ActiveCfg = Release|Any CPU
		{15A2FC95-1232-45BF-A732-7B5CE96F7173}.Release|x86.Build.0 = Release|Any CPU
		{F0C6D4D7-3F14-4DCA-A5FC-050D987247FC}.Debug|Any CPU.ActiveCfg = Debug|Any CPU
		{F0C6D4D7-3F14-4DCA-A5FC-050D987247FC}.Debug|Any CPU.Build.0 = Debug|Any CPU
		{F0C6D4D7-3F14-4DCA-A5FC-050D987247FC}.Debug|x64.ActiveCfg = Debug|Any CPU
		{F0C6D4D7-3F14-4DCA-A5FC-050D987247FC}.Debug|x64.Build.0 = Debug|Any CPU
		{F0C6D4D7-3F14-4DCA-A5FC-050D987247FC}.Debug|x86.ActiveCfg = Debug|Any CPU
		{F0C6D4D7-3F14-4DCA-A5FC-050D987247FC}.Debug|x86.Build.0 = Debug|Any CPU
		{F0C6D4D7-3F14-4DCA-A5FC-050D987247FC}.Release|Any CPU.ActiveCfg = Release|Any CPU
		{F0C6D4D7-3F14-4DCA-A5FC-050D987247FC}.Release|Any CPU.Build.0 = Release|Any CPU
		{F0C6D4D7-3F14-4DCA-A5FC-050D987247FC}.Release|x64.ActiveCfg = Release|Any CPU
		{F0C6D4D7-3F14-4DCA-A5FC-050D987247FC}.Release|x64.Build.0 = Release|Any CPU
		{F0C6D4D7-3F14-4DCA-A5FC-050D987247FC}.Release|x86.ActiveCfg = Release|Any CPU
		{F0C6D4D7-3F14-4DCA-A5FC-050D987247FC}.Release|x86.Build.0 = Release|Any CPU
		{4B3F743B-7729-48D7-B43E-AEC22AD83DE0}.Debug|Any CPU.ActiveCfg = Debug|Any CPU
		{4B3F743B-7729-48D7-B43E-AEC22AD83DE0}.Debug|Any CPU.Build.0 = Debug|Any CPU
		{4B3F743B-7729-48D7-B43E-AEC22AD83DE0}.Debug|x64.ActiveCfg = Debug|Any CPU
		{4B3F743B-7729-48D7-B43E-AEC22AD83DE0}.Debug|x64.Build.0 = Debug|Any CPU
		{4B3F743B-7729-48D7-B43E-AEC22AD83DE0}.Debug|x86.ActiveCfg = Debug|Any CPU
		{4B3F743B-7729-48D7-B43E-AEC22AD83DE0}.Debug|x86.Build.0 = Debug|Any CPU
		{4B3F743B-7729-48D7-B43E-AEC22AD83DE0}.Release|Any CPU.ActiveCfg = Release|Any CPU
		{4B3F743B-7729-48D7-B43E-AEC22AD83DE0}.Release|Any CPU.Build.0 = Release|Any CPU
		{4B3F743B-7729-48D7-B43E-AEC22AD83DE0}.Release|x64.ActiveCfg = Release|Any CPU
		{4B3F743B-7729-48D7-B43E-AEC22AD83DE0}.Release|x64.Build.0 = Release|Any CPU
		{4B3F743B-7729-48D7-B43E-AEC22AD83DE0}.Release|x86.ActiveCfg = Release|Any CPU
		{4B3F743B-7729-48D7-B43E-AEC22AD83DE0}.Release|x86.Build.0 = Release|Any CPU
		{4A109A41-C5A9-4C59-B7CE-F168CBADCC83}.Debug|Any CPU.ActiveCfg = Debug|Any CPU
		{4A109A41-C5A9-4C59-B7CE-F168CBADCC83}.Debug|Any CPU.Build.0 = Debug|Any CPU
		{4A109A41-C5A9-4C59-B7CE-F168CBADCC83}.Debug|x64.ActiveCfg = Debug|Any CPU
		{4A109A41-C5A9-4C59-B7CE-F168CBADCC83}.Debug|x64.Build.0 = Debug|Any CPU
		{4A109A41-C5A9-4C59-B7CE-F168CBADCC83}.Debug|x86.ActiveCfg = Debug|Any CPU
		{4A109A41-C5A9-4C59-B7CE-F168CBADCC83}.Debug|x86.Build.0 = Debug|Any CPU
		{4A109A41-C5A9-4C59-B7CE-F168CBADCC83}.Release|Any CPU.ActiveCfg = Release|Any CPU
		{4A109A41-C5A9-4C59-B7CE-F168CBADCC83}.Release|Any CPU.Build.0 = Release|Any CPU
		{4A109A41-C5A9-4C59-B7CE-F168CBADCC83}.Release|x64.ActiveCfg = Release|Any CPU
		{4A109A41-C5A9-4C59-B7CE-F168CBADCC83}.Release|x64.Build.0 = Release|Any CPU
		{4A109A41-C5A9-4C59-B7CE-F168CBADCC83}.Release|x86.ActiveCfg = Release|Any CPU
		{4A109A41-C5A9-4C59-B7CE-F168CBADCC83}.Release|x86.Build.0 = Release|Any CPU
		{6DF72D9F-7FE6-4250-8837-64AB50AA85EA}.Debug|Any CPU.ActiveCfg = Debug|Any CPU
		{6DF72D9F-7FE6-4250-8837-64AB50AA85EA}.Debug|Any CPU.Build.0 = Debug|Any CPU
		{6DF72D9F-7FE6-4250-8837-64AB50AA85EA}.Debug|x64.ActiveCfg = Debug|Any CPU
		{6DF72D9F-7FE6-4250-8837-64AB50AA85EA}.Debug|x64.Build.0 = Debug|Any CPU
		{6DF72D9F-7FE6-4250-8837-64AB50AA85EA}.Debug|x86.ActiveCfg = Debug|Any CPU
		{6DF72D9F-7FE6-4250-8837-64AB50AA85EA}.Debug|x86.Build.0 = Debug|Any CPU
		{6DF72D9F-7FE6-4250-8837-64AB50AA85EA}.Release|Any CPU.ActiveCfg = Release|Any CPU
		{6DF72D9F-7FE6-4250-8837-64AB50AA85EA}.Release|Any CPU.Build.0 = Release|Any CPU
		{6DF72D9F-7FE6-4250-8837-64AB50AA85EA}.Release|x64.ActiveCfg = Release|Any CPU
		{6DF72D9F-7FE6-4250-8837-64AB50AA85EA}.Release|x64.Build.0 = Release|Any CPU
		{6DF72D9F-7FE6-4250-8837-64AB50AA85EA}.Release|x86.ActiveCfg = Release|Any CPU
		{6DF72D9F-7FE6-4250-8837-64AB50AA85EA}.Release|x86.Build.0 = Release|Any CPU
		{E1EE8396-BDA6-4BE3-BA79-29889DAFA871}.Debug|Any CPU.ActiveCfg = Debug|Any CPU
		{E1EE8396-BDA6-4BE3-BA79-29889DAFA871}.Debug|Any CPU.Build.0 = Debug|Any CPU
		{E1EE8396-BDA6-4BE3-BA79-29889DAFA871}.Debug|x64.ActiveCfg = Debug|Any CPU
		{E1EE8396-BDA6-4BE3-BA79-29889DAFA871}.Debug|x64.Build.0 = Debug|Any CPU
		{E1EE8396-BDA6-4BE3-BA79-29889DAFA871}.Debug|x86.ActiveCfg = Debug|Any CPU
		{E1EE8396-BDA6-4BE3-BA79-29889DAFA871}.Debug|x86.Build.0 = Debug|Any CPU
		{E1EE8396-BDA6-4BE3-BA79-29889DAFA871}.Release|Any CPU.ActiveCfg = Release|Any CPU
		{E1EE8396-BDA6-4BE3-BA79-29889DAFA871}.Release|Any CPU.Build.0 = Release|Any CPU
		{E1EE8396-BDA6-4BE3-BA79-29889DAFA871}.Release|x64.ActiveCfg = Release|Any CPU
		{E1EE8396-BDA6-4BE3-BA79-29889DAFA871}.Release|x64.Build.0 = Release|Any CPU
		{E1EE8396-BDA6-4BE3-BA79-29889DAFA871}.Release|x86.ActiveCfg = Release|Any CPU
		{E1EE8396-BDA6-4BE3-BA79-29889DAFA871}.Release|x86.Build.0 = Release|Any CPU
		{5CC31737-F845-4056-9DD1-8F8838DD4EBD}.Debug|Any CPU.ActiveCfg = Debug|Any CPU
		{5CC31737-F845-4056-9DD1-8F8838DD4EBD}.Debug|Any CPU.Build.0 = Debug|Any CPU
		{5CC31737-F845-4056-9DD1-8F8838DD4EBD}.Debug|x64.ActiveCfg = Debug|Any CPU
		{5CC31737-F845-4056-9DD1-8F8838DD4EBD}.Debug|x64.Build.0 = Debug|Any CPU
		{5CC31737-F845-4056-9DD1-8F8838DD4EBD}.Debug|x86.ActiveCfg = Debug|Any CPU
		{5CC31737-F845-4056-9DD1-8F8838DD4EBD}.Debug|x86.Build.0 = Debug|Any CPU
		{5CC31737-F845-4056-9DD1-8F8838DD4EBD}.Release|Any CPU.ActiveCfg = Release|Any CPU
		{5CC31737-F845-4056-9DD1-8F8838DD4EBD}.Release|Any CPU.Build.0 = Release|Any CPU
		{5CC31737-F845-4056-9DD1-8F8838DD4EBD}.Release|x64.ActiveCfg = Release|Any CPU
		{5CC31737-F845-4056-9DD1-8F8838DD4EBD}.Release|x64.Build.0 = Release|Any CPU
		{5CC31737-F845-4056-9DD1-8F8838DD4EBD}.Release|x86.ActiveCfg = Release|Any CPU
		{5CC31737-F845-4056-9DD1-8F8838DD4EBD}.Release|x86.Build.0 = Release|Any CPU
		{411CBBC3-DA4B-4922-B5D9-3FEFC0A7696F}.Debug|Any CPU.ActiveCfg = Debug|Any CPU
		{411CBBC3-DA4B-4922-B5D9-3FEFC0A7696F}.Debug|Any CPU.Build.0 = Debug|Any CPU
		{411CBBC3-DA4B-4922-B5D9-3FEFC0A7696F}.Debug|x64.ActiveCfg = Debug|Any CPU
		{411CBBC3-DA4B-4922-B5D9-3FEFC0A7696F}.Debug|x64.Build.0 = Debug|Any CPU
		{411CBBC3-DA4B-4922-B5D9-3FEFC0A7696F}.Debug|x86.ActiveCfg = Debug|Any CPU
		{411CBBC3-DA4B-4922-B5D9-3FEFC0A7696F}.Debug|x86.Build.0 = Debug|Any CPU
		{411CBBC3-DA4B-4922-B5D9-3FEFC0A7696F}.Release|Any CPU.ActiveCfg = Release|Any CPU
		{411CBBC3-DA4B-4922-B5D9-3FEFC0A7696F}.Release|Any CPU.Build.0 = Release|Any CPU
		{411CBBC3-DA4B-4922-B5D9-3FEFC0A7696F}.Release|x64.ActiveCfg = Release|Any CPU
		{411CBBC3-DA4B-4922-B5D9-3FEFC0A7696F}.Release|x64.Build.0 = Release|Any CPU
		{411CBBC3-DA4B-4922-B5D9-3FEFC0A7696F}.Release|x86.ActiveCfg = Release|Any CPU
		{411CBBC3-DA4B-4922-B5D9-3FEFC0A7696F}.Release|x86.Build.0 = Release|Any CPU
		{AB674039-1D82-43CF-BDE5-21A14FE1B1F0}.Debug|Any CPU.ActiveCfg = Debug|Any CPU
		{AB674039-1D82-43CF-BDE5-21A14FE1B1F0}.Debug|Any CPU.Build.0 = Debug|Any CPU
		{AB674039-1D82-43CF-BDE5-21A14FE1B1F0}.Debug|x64.ActiveCfg = Debug|Any CPU
		{AB674039-1D82-43CF-BDE5-21A14FE1B1F0}.Debug|x64.Build.0 = Debug|Any CPU
		{AB674039-1D82-43CF-BDE5-21A14FE1B1F0}.Debug|x86.ActiveCfg = Debug|Any CPU
		{AB674039-1D82-43CF-BDE5-21A14FE1B1F0}.Debug|x86.Build.0 = Debug|Any CPU
		{AB674039-1D82-43CF-BDE5-21A14FE1B1F0}.Release|Any CPU.ActiveCfg = Release|Any CPU
		{AB674039-1D82-43CF-BDE5-21A14FE1B1F0}.Release|Any CPU.Build.0 = Release|Any CPU
		{AB674039-1D82-43CF-BDE5-21A14FE1B1F0}.Release|x64.ActiveCfg = Release|Any CPU
		{AB674039-1D82-43CF-BDE5-21A14FE1B1F0}.Release|x64.Build.0 = Release|Any CPU
		{AB674039-1D82-43CF-BDE5-21A14FE1B1F0}.Release|x86.ActiveCfg = Release|Any CPU
		{AB674039-1D82-43CF-BDE5-21A14FE1B1F0}.Release|x86.Build.0 = Release|Any CPU
	EndGlobalSection
	GlobalSection(SolutionProperties) = preSolution
		HideSolutionNode = FALSE
	EndGlobalSection
	GlobalSection(NestedProjects) = preSolution
		{4DF6C2D6-B231-4A03-BBDE-44D9980B5F0A} = {F452E8E5-D1AB-4B67-9FFC-5974EA1A8584}
		{15A2FC95-1232-45BF-A732-7B5CE96F7173} = {F452E8E5-D1AB-4B67-9FFC-5974EA1A8584}
		{F0C6D4D7-3F14-4DCA-A5FC-050D987247FC} = {F452E8E5-D1AB-4B67-9FFC-5974EA1A8584}
		{4B3F743B-7729-48D7-B43E-AEC22AD83DE0} = {F452E8E5-D1AB-4B67-9FFC-5974EA1A8584}
		{4A109A41-C5A9-4C59-B7CE-F168CBADCC83} = {F452E8E5-D1AB-4B67-9FFC-5974EA1A8584}
		{6DF72D9F-7FE6-4250-8837-64AB50AA85EA} = {FA0D23F6-DAF3-48AE-80B7-AB44B4B4659A}
		{E1EE8396-BDA6-4BE3-BA79-29889DAFA871} = {FA0D23F6-DAF3-48AE-80B7-AB44B4B4659A}
		{5CC31737-F845-4056-9DD1-8F8838DD4EBD} = {FA0D23F6-DAF3-48AE-80B7-AB44B4B4659A}
		{411CBBC3-DA4B-4922-B5D9-3FEFC0A7696F} = {FA0D23F6-DAF3-48AE-80B7-AB44B4B4659A}
		{AB674039-1D82-43CF-BDE5-21A14FE1B1F0} = {FA0D23F6-DAF3-48AE-80B7-AB44B4B4659A}
	EndGlobalSection
	GlobalSection(ExtensibilityGlobals) = postSolution
		SolutionGuid = {4EA56A5D-4CD8-4D3D-A4E9-6A1A9AADD903}
	EndGlobalSection
EndGlobal
