version = 1
revision = 3
requires-python = "==3.9.*"

[[package]]
name = "azure-core"
version = "1.38.0"
source = { registry = "https://pypi.org/simple" }
dependencies = [
    { name = "requests" },
    { name = "typing-extensions" },
]
sdist = { url = "https://files.pythonhosted.org/packages/dc/1b/e503e08e755ea94e7d3419c9242315f888fc664211c90d032e40479022bf/azure_core-1.38.0.tar.gz", hash = "sha256:8194d2682245a3e4e3151a667c686464c3786fed7918b394d035bdcd61bb5993", size = 363033, upload-time = "2026-01-12T17:03:05.535Z" }
wheels = [
    { url = "https://files.pythonhosted.org/packages/fc/d8/b8fcba9464f02b121f39de2db2bf57f0b216fe11d014513d666e8634380d/azure_core-1.38.0-py3-none-any.whl", hash = "sha256:ab0c9b2cd71fecb1842d52c965c95285d3cfb38902f6766e4a471f1cd8905335", size = 217825, upload-time = "2026-01-12T17:03:07.291Z" },
]

[[package]]
name = "azure-identity"
version = "1.17.1"
source = { registry = "https://pypi.org/simple" }
dependencies = [
    { name = "azure-core" },
    { name = "cryptography" },
    { name = "msal" },
    { name = "msal-extensions" },
    { name = "typing-extensions" },
]
sdist = { url = "https://files.pythonhosted.org/packages/51/c9/f7e3926686a89670ce641b360bd2da9a2d7a12b3e532403462d99f81e9d5/azure-identity-1.17.1.tar.gz", hash = "sha256:32ecc67cc73f4bd0595e4f64b1ca65cd05186f4fe6f98ed2ae9f1aa32646efea", size = 246652, upload-time = "2024-06-22T01:41:45.525Z" }
wheels = [
    { url = "https://files.pythonhosted.org/packages/49/83/a777861351e7b99e7c84ff3b36bab35e87b6e5d36e50b6905e148c696515/azure_identity-1.17.1-py3-none-any.whl", hash = "sha256:db8d59c183b680e763722bfe8ebc45930e6c57df510620985939f7f3191e0382", size = 173229, upload-time = "2024-06-22T01:41:49.309Z" },
]

[[package]]
name = "blinker"
version = "1.9.0"
source = { registry = "https://pypi.org/simple" }
sdist = { url = "https://files.pythonhosted.org/packages/21/28/9b3f50ce0e048515135495f198351908d99540d69bfdc8c1d15b73dc55ce/blinker-1.9.0.tar.gz", hash = "sha256:b4ce2265a7abece45e7cc896e98dbebe6cead56bcf805a3d23136d145f5445bf", size = 22460, upload-time = "2024-11-08T17:25:47.436Z" }
wheels = [
    { url = "https://files.pythonhosted.org/packages/10/cb/f2ad4230dc2eb1a74edf38f1a38b9b52277f75bef262d8908e60d957e13c/blinker-1.9.0-py3-none-any.whl", hash = "sha256:ba0efaa9080b619ff2f3459d1d500c57bddea4a6b424b60a91141db6fd2f08bc", size = 8458, upload-time = "2024-11-08T17:25:46.184Z" },
]

[[package]]
name = "certifi"
version = "2025.4.26"
source = { registry = "https://pypi.org/simple" }
sdist = { url = "https://files.pythonhosted.org/packages/e8/9e/c05b3920a3b7d20d3d3310465f50348e5b3694f4f88c6daf736eef3024c4/certifi-2025.4.26.tar.gz", hash = "sha256:0a816057ea3cdefcef70270d2c515e4506bbc954f417fa5ade2021213bb8f0c6", size = 160705, upload-time = "2025-04-26T02:12:29.51Z" }
wheels = [
    { url = "https://files.pythonhosted.org/packages/4a/7e/3db2bd1b1f9e95f7cddca6d6e75e2f2bd9f51b1246e546d88addca0106bd/certifi-2025.4.26-py3-none-any.whl", hash = "sha256:30350364dfe371162649852c63336a15c70c6510c2ad5015b21c2345311805f3", size = 159618, upload-time = "2025-04-26T02:12:27.662Z" },
]

[[package]]
name = "cffi"
version = "2.0.0"
source = { registry = "https://pypi.org/simple" }
dependencies = [
    { name = "pycparser", marker = "implementation_name != 'PyPy'" },
]
sdist = { url = "https://files.pythonhosted.org/packages/eb/56/b1ba7935a17738ae8453301356628e8147c79dbb825bcbc73dc7401f9846/cffi-2.0.0.tar.gz", hash = "sha256:44d1b5909021139fe36001ae048dbdde8214afa20200eda0f64c068cac5d5529", size = 523588, upload-time = "2025-09-08T23:24:04.541Z" }
wheels = [
    { url = "https://files.pythonhosted.org/packages/c0/cc/08ed5a43f2996a16b462f64a7055c6e962803534924b9b2f1371d8c00b7b/cffi-2.0.0-cp39-cp39-macosx_10_13_x86_64.whl", hash = "sha256:fe562eb1a64e67dd297ccc4f5addea2501664954f2692b69a76449ec7913ecbf", size = 184288, upload-time = "2025-09-08T23:23:48.404Z" },
    { url = "https://files.pythonhosted.org/packages/3d/de/38d9726324e127f727b4ecc376bc85e505bfe61ef130eaf3f290c6847dd4/cffi-2.0.0-cp39-cp39-macosx_11_0_arm64.whl", hash = "sha256:de8dad4425a6ca6e4e5e297b27b5c824ecc7581910bf9aee86cb6835e6812aa7", size = 180509, upload-time = "2025-09-08T23:23:49.73Z" },
    { url = "https://files.pythonhosted.org/packages/9b/13/c92e36358fbcc39cf0962e83223c9522154ee8630e1df7c0b3a39a8124e2/cffi-2.0.0-cp39-cp39-manylinux1_i686.manylinux2014_i686.manylinux_2_17_i686.manylinux_2_5_i686.whl", hash = "sha256:4647afc2f90d1ddd33441e5b0e85b16b12ddec4fca55f0d9671fef036ecca27c", size = 208813, upload-time = "2025-09-08T23:23:51.263Z" },
    { url = "https://files.pythonhosted.org/packages/15/12/a7a79bd0df4c3bff744b2d7e52cc1b68d5e7e427b384252c42366dc1ecbc/cffi-2.0.0-cp39-cp39-manylinux2014_aarch64.manylinux_2_17_aarch64.whl", hash = "sha256:3f4d46d8b35698056ec29bca21546e1551a205058ae1a181d871e278b0b28165", size = 216498, upload-time = "2025-09-08T23:23:52.494Z" },
    { url = "https://files.pythonhosted.org/packages/a3/ad/5c51c1c7600bdd7ed9a24a203ec255dccdd0ebf4527f7b922a0bde2fb6ed/cffi-2.0.0-cp39-cp39-manylinux2014_ppc64le.manylinux_2_17_ppc64le.whl", hash = "sha256:e6e73b9e02893c764e7e8d5bb5ce277f1a009cd5243f8228f75f842bf937c534", size = 203243, upload-time = "2025-09-08T23:23:53.836Z" },
    { url = "https://files.pythonhosted.org/packages/32/f2/81b63e288295928739d715d00952c8c6034cb6c6a516b17d37e0c8be5600/cffi-2.0.0-cp39-cp39-manylinux2014_s390x.manylinux_2_17_s390x.whl", hash = "sha256:cb527a79772e5ef98fb1d700678fe031e353e765d1ca2d409c92263c6d43e09f", size = 203158, upload-time = "2025-09-08T23:23:55.169Z" },
    { url = "https://files.pythonhosted.org/packages/1f/74/cc4096ce66f5939042ae094e2e96f53426a979864aa1f96a621ad128be27/cffi-2.0.0-cp39-cp39-manylinux2014_x86_64.manylinux_2_17_x86_64.whl", hash = "sha256:61d028e90346df14fedc3d1e5441df818d095f3b87d286825dfcbd6459b7ef63", size = 216548, upload-time = "2025-09-08T23:23:56.506Z" },
    { url = "https://files.pythonhosted.org/packages/e8/be/f6424d1dc46b1091ffcc8964fa7c0ab0cd36839dd2761b49c90481a6ba1b/cffi-2.0.0-cp39-cp39-musllinux_1_2_aarch64.whl", hash = "sha256:0f6084a0ea23d05d20c3edcda20c3d006f9b6f3fefeac38f59262e10cef47ee2", size = 218897, upload-time = "2025-09-08T23:23:57.825Z" },
    { url = "https://files.pythonhosted.org/packages/f7/e0/dda537c2309817edf60109e39265f24f24aa7f050767e22c98c53fe7f48b/cffi-2.0.0-cp39-cp39-musllinux_1_2_i686.whl", hash = "sha256:1cd13c99ce269b3ed80b417dcd591415d3372bcac067009b6e0f59c7d4015e65", size = 211249, upload-time = "2025-09-08T23:23:59.139Z" },
    { url = "https://files.pythonhosted.org/packages/2b/e7/7c769804eb75e4c4b35e658dba01de1640a351a9653c3d49ca89d16ccc91/cffi-2.0.0-cp39-cp39-musllinux_1_2_x86_64.whl", hash = "sha256:89472c9762729b5ae1ad974b777416bfda4ac5642423fa93bd57a09204712322", size = 218041, upload-time = "2025-09-08T23:24:00.496Z" },
    { url = "https://files.pythonhosted.org/packages/aa/d9/6218d78f920dcd7507fc16a766b5ef8f3b913cc7aa938e7fc80b9978d089/cffi-2.0.0-cp39-cp39-win32.whl", hash = "sha256:2081580ebb843f759b9f617314a24ed5738c51d2aee65d31e02f6f7a2b97707a", size = 172138, upload-time = "2025-09-08T23:24:01.7Z" },
    { url = "https://files.pythonhosted.org/packages/54/8f/a1e836f82d8e32a97e6b29cc8f641779181ac7363734f12df27db803ebda/cffi-2.0.0-cp39-cp39-win_amd64.whl", hash = "sha256:b882b3df248017dba09d6b16defe9b5c407fe32fc7c65a9c69798e6175601be9", size = 182794, upload-time = "2025-09-08T23:24:02.943Z" },
]

[[package]]
name = "charset-normalizer"
version = "3.4.2"
source = { registry = "https://pypi.org/simple" }
sdist = { url = "https://files.pythonhosted.org/packages/e4/33/89c2ced2b67d1c2a61c19c6751aa8902d46ce3dacb23600a283619f5a12d/charset_normalizer-3.4.2.tar.gz", hash = "sha256:5baececa9ecba31eff645232d59845c07aa030f0c81ee70184a90d35099a0e63", size = 126367, upload-time = "2025-05-02T08:34:42.01Z" }
wheels = [
    { url = "https://files.pythonhosted.org/packages/28/f8/dfb01ff6cc9af38552c69c9027501ff5a5117c4cc18dcd27cb5259fa1888/charset_normalizer-3.4.2-cp39-cp39-macosx_10_9_universal2.whl", hash = "sha256:005fa3432484527f9732ebd315da8da8001593e2cf46a3d817669f062c3d9ed4", size = 201671, upload-time = "2025-05-02T08:34:12.696Z" },
    { url = "https://files.pythonhosted.org/packages/32/fb/74e26ee556a9dbfe3bd264289b67be1e6d616329403036f6507bb9f3f29c/charset_normalizer-3.4.2-cp39-cp39-manylinux_2_17_aarch64.manylinux2014_aarch64.whl", hash = "sha256:e92fca20c46e9f5e1bb485887d074918b13543b1c2a1185e69bb8d17ab6236a7", size = 144744, upload-time = "2025-05-02T08:34:14.665Z" },
    { url = "https://files.pythonhosted.org/packages/ad/06/8499ee5aa7addc6f6d72e068691826ff093329fe59891e83b092ae4c851c/charset_normalizer-3.4.2-cp39-cp39-manylinux_2_17_ppc64le.manylinux2014_ppc64le.whl", hash = "sha256:50bf98d5e563b83cc29471fa114366e6806bc06bc7a25fd59641e41445327836", size = 154993, upload-time = "2025-05-02T08:34:17.134Z" },
    { url = "https://files.pythonhosted.org/packages/f1/a2/5e4c187680728219254ef107a6949c60ee0e9a916a5dadb148c7ae82459c/charset_normalizer-3.4.2-cp39-cp39-manylinux_2_17_s390x.manylinux2014_s390x.whl", hash = "sha256:721c76e84fe669be19c5791da68232ca2e05ba5185575086e384352e2c309597", size = 147382, upload-time = "2025-05-02T08:34:19.081Z" },
    { url = "https://files.pythonhosted.org/packages/4c/fe/56aca740dda674f0cc1ba1418c4d84534be51f639b5f98f538b332dc9a95/charset_normalizer-3.4.2-cp39-cp39-manylinux_2_17_x86_64.manylinux2014_x86_64.whl", hash = "sha256:82d8fd25b7f4675d0c47cf95b594d4e7b158aca33b76aa63d07186e13c0e0ab7", size = 149536, upload-time = "2025-05-02T08:34:21.073Z" },
    { url = "https://files.pythonhosted.org/packages/53/13/db2e7779f892386b589173dd689c1b1e304621c5792046edd8a978cbf9e0/charset_normalizer-3.4.2-cp39-cp39-manylinux_2_5_i686.manylinux1_i686.manylinux_2_17_i686.manylinux2014_i686.whl", hash = "sha256:b3daeac64d5b371dea99714f08ffc2c208522ec6b06fbc7866a450dd446f5c0f", size = 151349, upload-time = "2025-05-02T08:34:23.193Z" },
    { url = "https://files.pythonhosted.org/packages/69/35/e52ab9a276186f729bce7a0638585d2982f50402046e4b0faa5d2c3ef2da/charset_normalizer-3.4.2-cp39-cp39-musllinux_1_2_aarch64.whl", hash = "sha256:dccab8d5fa1ef9bfba0590ecf4d46df048d18ffe3eec01eeb73a42e0d9e7a8ba", size = 146365, upload-time = "2025-05-02T08:34:25.187Z" },
    { url = "https://files.pythonhosted.org/packages/a6/d8/af7333f732fc2e7635867d56cb7c349c28c7094910c72267586947561b4b/charset_normalizer-3.4.2-cp39-cp39-musllinux_1_2_i686.whl", hash = "sha256:aaf27faa992bfee0264dc1f03f4c75e9fcdda66a519db6b957a3f826e285cf12", size = 154499, upload-time = "2025-05-02T08:34:27.359Z" },
    { url = "https://files.pythonhosted.org/packages/7a/3d/a5b2e48acef264d71e036ff30bcc49e51bde80219bb628ba3e00cf59baac/charset_normalizer-3.4.2-cp39-cp39-musllinux_1_2_ppc64le.whl", hash = "sha256:eb30abc20df9ab0814b5a2524f23d75dcf83cde762c161917a2b4b7b55b1e518", size = 157735, upload-time = "2025-05-02T08:34:29.798Z" },
    { url = "https://files.pythonhosted.org/packages/85/d8/23e2c112532a29f3eef374375a8684a4f3b8e784f62b01da931186f43494/charset_normalizer-3.4.2-cp39-cp39-musllinux_1_2_s390x.whl", hash = "sha256:c72fbbe68c6f32f251bdc08b8611c7b3060612236e960ef848e0a517ddbe76c5", size = 154786, upload-time = "2025-05-02T08:34:31.858Z" },
    { url = "https://files.pythonhosted.org/packages/c7/57/93e0169f08ecc20fe82d12254a200dfaceddc1c12a4077bf454ecc597e33/charset_normalizer-3.4.2-cp39-cp39-musllinux_1_2_x86_64.whl", hash = "sha256:982bb1e8b4ffda883b3d0a521e23abcd6fd17418f6d2c4118d257a10199c0ce3", size = 150203, upload-time = "2025-05-02T08:34:33.88Z" },
    { url = "https://files.pythonhosted.org/packages/2c/9d/9bf2b005138e7e060d7ebdec7503d0ef3240141587651f4b445bdf7286c2/charset_normalizer-3.4.2-cp39-cp39-win32.whl", hash = "sha256:43e0933a0eff183ee85833f341ec567c0980dae57c464d8a508e1b2ceb336471", size = 98436, upload-time = "2025-05-02T08:34:35.907Z" },
    { url = "https://files.pythonhosted.org/packages/6d/24/5849d46cf4311bbf21b424c443b09b459f5b436b1558c04e45dbb7cc478b/charset_normalizer-3.4.2-cp39-cp39-win_amd64.whl", hash = "sha256:d11b54acf878eef558599658b0ffca78138c8c3655cf4f3a4a673c437e67732e", size = 105772, upload-time = "2025-05-02T08:34:37.935Z" },
    { url = "https://files.pythonhosted.org/packages/20/94/c5790835a017658cbfabd07f3bfb549140c3ac458cfc196323996b10095a/charset_normalizer-3.4.2-py3-none-any.whl", hash = "sha256:7f56930ab0abd1c45cd15be65cc741c28b1c9a34876ce8c17a2fa107810c0af0", size = 52626, upload-time = "2025-05-02T08:34:40.053Z" },
]

[[package]]
name = "click"
version = "8.1.8"
source = { registry = "https://pypi.org/simple" }
dependencies = [
    { name = "colorama", marker = "sys_platform == 'win32'" },
]
sdist = { url = "https://files.pythonhosted.org/packages/b9/2e/0090cbf739cee7d23781ad4b89a9894a41538e4fcf4c31dcdd705b78eb8b/click-8.1.8.tar.gz", hash = "sha256:ed53c9d8990d83c2a27deae68e4ee337473f6330c040a31d4225c9574d16096a", size = 226593, upload-time = "2024-12-21T18:38:44.339Z" }
wheels = [
    { url = "https://files.pythonhosted.org/packages/7e/d4/7ebdbd03970677812aac39c869717059dbb71a4cfc033ca6e5221787892c/click-8.1.8-py3-none-any.whl", hash = "sha256:63c132bbbed01578a06712a2d1f497bb62d9c1c0d329b7903a866228027263b2", size = 98188, upload-time = "2024-12-21T18:38:41.666Z" },
]

[[package]]
name = "colorama"
version = "0.4.6"
source = { registry = "https://pypi.org/simple" }
sdist = { url = "https://files.pythonhosted.org/packages/d8/53/6f443c9a4a8358a93a6792e2acffb9d9d5cb0a5cfd8802644b7b1c9a02e4/colorama-0.4.6.tar.gz", hash = "sha256:08695f5cb7ed6e0531a20572697297273c47b8cae5a63ffc6d6ed5c201be6e44", size = 27697, upload-time = "2022-10-25T02:36:22.414Z" }
wheels = [
    { url = "https://files.pythonhosted.org/packages/d1/d6/3965ed04c63042e047cb6a3e6ed1a63a35087b6a609aa3a15ed8ac56c221/colorama-0.4.6-py2.py3-none-any.whl", hash = "sha256:4f1d9991f5acc0ca119f9d443620b77f9d6b33703e51011c16baf57afb285fc6", size = 25335, upload-time = "2022-10-25T02:36:20.889Z" },
]

[[package]]
name = "component-detection"
version = "0.0.0"
source = { virtual = "." }
dependencies = [
    { name = "azure-identity" },
    { name = "flask" },
    { name = "requests" },
]

[package.dev-dependencies]
dev = [
    { name = "pytest" },
    { name = "pytest-cov" },
    { name = "pytest-env" },
]

[package.metadata]
requires-dist = [
    { name = "azure-identity", specifier = "==1.17.1" },
    { name = "flask", specifier = ">2,<4" },
    { name = "requests", specifier = ">=2.32.0" },
]

[package.metadata.requires-dev]
dev = [
    { name = "pytest", specifier = ">=8.3.4" },
    { name = "pytest-cov", specifier = ">=6.0.0" },
    { name = "pytest-env", specifier = ">=1.1.5" },
]

[[package]]
name = "coverage"
version = "7.8.2"
source = { registry = "https://pypi.org/simple" }
sdist = { url = "https://files.pythonhosted.org/packages/ba/07/998afa4a0ecdf9b1981ae05415dad2d4e7716e1b1f00abbd91691ac09ac9/coverage-7.8.2.tar.gz", hash = "sha256:a886d531373a1f6ff9fad2a2ba4a045b68467b779ae729ee0b3b10ac20033b27", size = 812759, upload-time = "2025-05-23T11:39:57.856Z" }
wheels = [
    { url = "https://files.pythonhosted.org/packages/71/1e/388267ad9c6aa126438acc1ceafede3bb746afa9872e3ec5f0691b7d5efa/coverage-7.8.2-cp39-cp39-macosx_10_9_x86_64.whl", hash = "sha256:496948261eaac5ac9cf43f5d0a9f6eb7a6d4cb3bedb2c5d294138142f5c18f2a", size = 211566, upload-time = "2025-05-23T11:39:32.333Z" },
    { url = "https://files.pythonhosted.org/packages/8f/a5/acc03e5cf0bba6357f5e7c676343de40fbf431bb1e115fbebf24b2f7f65e/coverage-7.8.2-cp39-cp39-macosx_11_0_arm64.whl", hash = "sha256:eacd2de0d30871eff893bab0b67840a96445edcb3c8fd915e6b11ac4b2f3fa6d", size = 211996, upload-time = "2025-05-23T11:39:34.512Z" },
    { url = "https://files.pythonhosted.org/packages/5b/a2/0fc0a9f6b7c24fa4f1d7210d782c38cb0d5e692666c36eaeae9a441b6755/coverage-7.8.2-cp39-cp39-manylinux_2_17_aarch64.manylinux2014_aarch64.whl", hash = "sha256:b039ffddc99ad65d5078ef300e0c7eed08c270dc26570440e3ef18beb816c1ca", size = 240741, upload-time = "2025-05-23T11:39:36.252Z" },
    { url = "https://files.pythonhosted.org/packages/e6/da/1c6ba2cf259710eed8916d4fd201dccc6be7380ad2b3b9f63ece3285d809/coverage-7.8.2-cp39-cp39-manylinux_2_5_i686.manylinux1_i686.manylinux_2_17_i686.manylinux2014_i686.whl", hash = "sha256:0e49824808d4375ede9dd84e9961a59c47f9113039f1a525e6be170aa4f5c34d", size = 238672, upload-time = "2025-05-23T11:39:38.03Z" },
    { url = "https://files.pythonhosted.org/packages/ac/51/c8fae0dc3ca421e6e2509503696f910ff333258db672800c3bdef256265a/coverage-7.8.2-cp39-cp39-manylinux_2_5_x86_64.manylinux1_x86_64.manylinux_2_17_x86_64.manylinux2014_x86_64.whl", hash = "sha256:b069938961dfad881dc2f8d02b47645cd2f455d3809ba92a8a687bf513839787", size = 239769, upload-time = "2025-05-23T11:39:40.24Z" },
    { url = "https://files.pythonhosted.org/packages/59/8e/b97042ae92c59f40be0c989df090027377ba53f2d6cef73c9ca7685c26a6/coverage-7.8.2-cp39-cp39-musllinux_1_2_aarch64.whl", hash = "sha256:de77c3ba8bb686d1c411e78ee1b97e6e0b963fb98b1637658dd9ad2c875cf9d7", size = 239555, upload-time = "2025-05-23T11:39:42.3Z" },
    { url = "https://files.pythonhosted.org/packages/47/35/b8893e682d6e96b1db2af5997fc13ef62219426fb17259d6844c693c5e00/coverage-7.8.2-cp39-cp39-musllinux_1_2_i686.whl", hash = "sha256:1676628065a498943bd3f64f099bb573e08cf1bc6088bbe33cf4424e0876f4b3", size = 237768, upload-time = "2025-05-23T11:39:44.069Z" },
    { url = "https://files.pythonhosted.org/packages/03/6c/023b0b9a764cb52d6243a4591dcb53c4caf4d7340445113a1f452bb80591/coverage-7.8.2-cp39-cp39-musllinux_1_2_x86_64.whl", hash = "sha256:8e1a26e7e50076e35f7afafde570ca2b4d7900a491174ca357d29dece5aacee7", size = 238757, upload-time = "2025-05-23T11:39:46.195Z" },
    { url = "https://files.pythonhosted.org/packages/03/ed/3af7e4d721bd61a8df7de6de9e8a4271e67f3d9e086454558fd9f48eb4f6/coverage-7.8.2-cp39-cp39-win32.whl", hash = "sha256:6782a12bf76fa61ad9350d5a6ef5f3f020b57f5e6305cbc663803f2ebd0f270a", size = 214166, upload-time = "2025-05-23T11:39:47.934Z" },
    { url = "https://files.pythonhosted.org/packages/9d/30/ee774b626773750dc6128354884652507df3c59d6aa8431526107e595227/coverage-7.8.2-cp39-cp39-win_amd64.whl", hash = "sha256:1efa4166ba75ccefd647f2d78b64f53f14fb82622bc94c5a5cb0a622f50f1c9e", size = 215050, upload-time = "2025-05-23T11:39:50.252Z" },
    { url = "https://files.pythonhosted.org/packages/69/2f/572b29496d8234e4a7773200dd835a0d32d9e171f2d974f3fe04a9dbc271/coverage-7.8.2-pp39.pp310.pp311-none-any.whl", hash = "sha256:ec455eedf3ba0bbdf8f5a570012617eb305c63cb9f03428d39bf544cb2b94837", size = 203636, upload-time = "2025-05-23T11:39:52.002Z" },
    { url = "https://files.pythonhosted.org/packages/a0/1a/0b9c32220ad694d66062f571cc5cedfa9997b64a591e8a500bb63de1bd40/coverage-7.8.2-py3-none-any.whl", hash = "sha256:726f32ee3713f7359696331a18daf0c3b3a70bb0ae71141b9d3c52be7c595e32", size = 203623, upload-time = "2025-05-23T11:39:53.846Z" },
]

[package.optional-dependencies]
toml = [
    { name = "tomli" },
]

[[package]]
name = "cryptography"
version = "46.0.5"
source = { registry = "https://pypi.org/simple" }
dependencies = [
    { name = "cffi", marker = "platform_python_implementation != 'PyPy'" },
    { name = "typing-extensions" },
]
sdist = { url = "https://files.pythonhosted.org/packages/60/04/ee2a9e8542e4fa2773b81771ff8349ff19cdd56b7258a0cc442639052edb/cryptography-46.0.5.tar.gz", hash = "sha256:abace499247268e3757271b2f1e244b36b06f8515cf27c4d49468fc9eb16e93d", size = 750064, upload-time = "2026-02-10T19:18:38.255Z" }
wheels = [
    { url = "https://files.pythonhosted.org/packages/f7/81/b0bb27f2ba931a65409c6b8a8b358a7f03c0e46eceacddff55f7c84b1f3b/cryptography-46.0.5-cp311-abi3-macosx_10_9_universal2.whl", hash = "sha256:351695ada9ea9618b3500b490ad54c739860883df6c1f555e088eaf25b1bbaad", size = 7176289, upload-time = "2026-02-10T19:17:08.274Z" },
    { url = "https://files.pythonhosted.org/packages/ff/9e/6b4397a3e3d15123de3b1806ef342522393d50736c13b20ec4c9ea6693a6/cryptography-46.0.5-cp311-abi3-manylinux2014_aarch64.manylinux_2_17_aarch64.whl", hash = "sha256:c18ff11e86df2e28854939acde2d003f7984f721eba450b56a200ad90eeb0e6b", size = 4275637, upload-time = "2026-02-10T19:17:10.53Z" },
    { url = "https://files.pythonhosted.org/packages/63/e7/471ab61099a3920b0c77852ea3f0ea611c9702f651600397ac567848b897/cryptography-46.0.5-cp311-abi3-manylinux2014_x86_64.manylinux_2_17_x86_64.whl", hash = "sha256:4d7e3d356b8cd4ea5aff04f129d5f66ebdc7b6f8eae802b93739ed520c47c79b", size = 4424742, upload-time = "2026-02-10T19:17:12.388Z" },
    { url = "https://files.pythonhosted.org/packages/37/53/a18500f270342d66bf7e4d9f091114e31e5ee9e7375a5aba2e85a91e0044/cryptography-46.0.5-cp311-abi3-manylinux_2_28_aarch64.whl", hash = "sha256:50bfb6925eff619c9c023b967d5b77a54e04256c4281b0e21336a130cd7fc263", size = 4277528, upload-time = "2026-02-10T19:17:13.853Z" },
    { url = "https://files.pythonhosted.org/packages/22/29/c2e812ebc38c57b40e7c583895e73c8c5adb4d1e4a0cc4c5a4fdab2b1acc/cryptography-46.0.5-cp311-abi3-manylinux_2_28_ppc64le.whl", hash = "sha256:803812e111e75d1aa73690d2facc295eaefd4439be1023fefc4995eaea2af90d", size = 4947993, upload-time = "2026-02-10T19:17:15.618Z" },
    { url = "https://files.pythonhosted.org/packages/6b/e7/237155ae19a9023de7e30ec64e5d99a9431a567407ac21170a046d22a5a3/cryptography-46.0.5-cp311-abi3-manylinux_2_28_x86_64.whl", hash = "sha256:3ee190460e2fbe447175cda91b88b84ae8322a104fc27766ad09428754a618ed", size = 4456855, upload-time = "2026-02-10T19:17:17.221Z" },
    { url = "https://files.pythonhosted.org/packages/2d/87/fc628a7ad85b81206738abbd213b07702bcbdada1dd43f72236ef3cffbb5/cryptography-46.0.5-cp311-abi3-manylinux_2_31_armv7l.whl", hash = "sha256:f145bba11b878005c496e93e257c1e88f154d278d2638e6450d17e0f31e558d2", size = 3984635, upload-time = "2026-02-10T19:17:18.792Z" },
    { url = "https://files.pythonhosted.org/packages/84/29/65b55622bde135aedf4565dc509d99b560ee4095e56989e815f8fd2aa910/cryptography-46.0.5-cp311-abi3-manylinux_2_34_aarch64.whl", hash = "sha256:e9251e3be159d1020c4030bd2e5f84d6a43fe54b6c19c12f51cde9542a2817b2", size = 4277038, upload-time = "2026-02-10T19:17:20.256Z" },
    { url = "https://files.pythonhosted.org/packages/bc/36/45e76c68d7311432741faf1fbf7fac8a196a0a735ca21f504c75d37e2558/cryptography-46.0.5-cp311-abi3-manylinux_2_34_ppc64le.whl", hash = "sha256:47fb8a66058b80e509c47118ef8a75d14c455e81ac369050f20ba0d23e77fee0", size = 4912181, upload-time = "2026-02-10T19:17:21.825Z" },
    { url = "https://files.pythonhosted.org/packages/6d/1a/c1ba8fead184d6e3d5afcf03d569acac5ad063f3ac9fb7258af158f7e378/cryptography-46.0.5-cp311-abi3-manylinux_2_34_x86_64.whl", hash = "sha256:4c3341037c136030cb46e4b1e17b7418ea4cbd9dd207e4a6f3b2b24e0d4ac731", size = 4456482, upload-time = "2026-02-10T19:17:25.133Z" },
    { url = "https://files.pythonhosted.org/packages/f9/e5/3fb22e37f66827ced3b902cf895e6a6bc1d095b5b26be26bd13c441fdf19/cryptography-46.0.5-cp311-abi3-musllinux_1_2_aarch64.whl", hash = "sha256:890bcb4abd5a2d3f852196437129eb3667d62630333aacc13dfd470fad3aaa82", size = 4405497, upload-time = "2026-02-10T19:17:26.66Z" },
    { url = "https://files.pythonhosted.org/packages/1a/df/9d58bb32b1121a8a2f27383fabae4d63080c7ca60b9b5c88be742be04ee7/cryptography-46.0.5-cp311-abi3-musllinux_1_2_x86_64.whl", hash = "sha256:80a8d7bfdf38f87ca30a5391c0c9ce4ed2926918e017c29ddf643d0ed2778ea1", size = 4667819, upload-time = "2026-02-10T19:17:28.569Z" },
    { url = "https://files.pythonhosted.org/packages/ea/ed/325d2a490c5e94038cdb0117da9397ece1f11201f425c4e9c57fe5b9f08b/cryptography-46.0.5-cp311-abi3-win32.whl", hash = "sha256:60ee7e19e95104d4c03871d7d7dfb3d22ef8a9b9c6778c94e1c8fcc8365afd48", size = 3028230, upload-time = "2026-02-10T19:17:30.518Z" },
    { url = "https://files.pythonhosted.org/packages/e9/5a/ac0f49e48063ab4255d9e3b79f5def51697fce1a95ea1370f03dc9db76f6/cryptography-46.0.5-cp311-abi3-win_amd64.whl", hash = "sha256:38946c54b16c885c72c4f59846be9743d699eee2b69b6988e0a00a01f46a61a4", size = 3480909, upload-time = "2026-02-10T19:17:32.083Z" },
    { url = "https://files.pythonhosted.org/packages/e2/fa/a66aa722105ad6a458bebd64086ca2b72cdd361fed31763d20390f6f1389/cryptography-46.0.5-cp38-abi3-macosx_10_9_universal2.whl", hash = "sha256:4108d4c09fbbf2789d0c926eb4152ae1760d5a2d97612b92d508d96c861e4d31", size = 7170514, upload-time = "2026-02-10T19:17:56.267Z" },
    { url = "https://files.pythonhosted.org/packages/0f/04/c85bdeab78c8bc77b701bf0d9bdcf514c044e18a46dcff330df5448631b0/cryptography-46.0.5-cp38-abi3-manylinux2014_aarch64.manylinux_2_17_aarch64.whl", hash = "sha256:7d1f30a86d2757199cb2d56e48cce14deddf1f9c95f1ef1b64ee91ea43fe2e18", size = 4275349, upload-time = "2026-02-10T19:17:58.419Z" },
    { url = "https://files.pythonhosted.org/packages/5c/32/9b87132a2f91ee7f5223b091dc963055503e9b442c98fc0b8a5ca765fab0/cryptography-46.0.5-cp38-abi3-manylinux2014_x86_64.manylinux_2_17_x86_64.whl", hash = "sha256:039917b0dc418bb9f6edce8a906572d69e74bd330b0b3fea4f79dab7f8ddd235", size = 4420667, upload-time = "2026-02-10T19:18:00.619Z" },
    { url = "https://files.pythonhosted.org/packages/a1/a6/a7cb7010bec4b7c5692ca6f024150371b295ee1c108bdc1c400e4c44562b/cryptography-46.0.5-cp38-abi3-manylinux_2_28_aarch64.whl", hash = "sha256:ba2a27ff02f48193fc4daeadf8ad2590516fa3d0adeeb34336b96f7fa64c1e3a", size = 4276980, upload-time = "2026-02-10T19:18:02.379Z" },
    { url = "https://files.pythonhosted.org/packages/8e/7c/c4f45e0eeff9b91e3f12dbd0e165fcf2a38847288fcfd889deea99fb7b6d/cryptography-46.0.5-cp38-abi3-manylinux_2_28_ppc64le.whl", hash = "sha256:61aa400dce22cb001a98014f647dc21cda08f7915ceb95df0c9eaf84b4b6af76", size = 4939143, upload-time = "2026-02-10T19:18:03.964Z" },
    { url = "https://files.pythonhosted.org/packages/37/19/e1b8f964a834eddb44fa1b9a9976f4e414cbb7aa62809b6760c8803d22d1/cryptography-46.0.5-cp38-abi3-manylinux_2_28_x86_64.whl", hash = "sha256:3ce58ba46e1bc2aac4f7d9290223cead56743fa6ab94a5d53292ffaac6a91614", size = 4453674, upload-time = "2026-02-10T19:18:05.588Z" },
    { url = "https://files.pythonhosted.org/packages/db/ed/db15d3956f65264ca204625597c410d420e26530c4e2943e05a0d2f24d51/cryptography-46.0.5-cp38-abi3-manylinux_2_31_armv7l.whl", hash = "sha256:420d0e909050490d04359e7fdb5ed7e667ca5c3c402b809ae2563d7e66a92229", size = 3978801, upload-time = "2026-02-10T19:18:07.167Z" },
    { url = "https://files.pythonhosted.org/packages/41/e2/df40a31d82df0a70a0daf69791f91dbb70e47644c58581d654879b382d11/cryptography-46.0.5-cp38-abi3-manylinux_2_34_aarch64.whl", hash = "sha256:582f5fcd2afa31622f317f80426a027f30dc792e9c80ffee87b993200ea115f1", size = 4276755, upload-time = "2026-02-10T19:18:09.813Z" },
    { url = "https://files.pythonhosted.org/packages/33/45/726809d1176959f4a896b86907b98ff4391a8aa29c0aaaf9450a8a10630e/cryptography-46.0.5-cp38-abi3-manylinux_2_34_ppc64le.whl", hash = "sha256:bfd56bb4b37ed4f330b82402f6f435845a5f5648edf1ad497da51a8452d5d62d", size = 4901539, upload-time = "2026-02-10T19:18:11.263Z" },
    { url = "https://files.pythonhosted.org/packages/99/0f/a3076874e9c88ecb2ecc31382f6e7c21b428ede6f55aafa1aa272613e3cd/cryptography-46.0.5-cp38-abi3-manylinux_2_34_x86_64.whl", hash = "sha256:a3d507bb6a513ca96ba84443226af944b0f7f47dcc9a399d110cd6146481d24c", size = 4452794, upload-time = "2026-02-10T19:18:12.914Z" },
    { url = "https://files.pythonhosted.org/packages/02/ef/ffeb542d3683d24194a38f66ca17c0a4b8bf10631feef44a7ef64e631b1a/cryptography-46.0.5-cp38-abi3-musllinux_1_2_aarch64.whl", hash = "sha256:9f16fbdf4da055efb21c22d81b89f155f02ba420558db21288b3d0035bafd5f4", size = 4404160, upload-time = "2026-02-10T19:18:14.375Z" },
    { url = "https://files.pythonhosted.org/packages/96/93/682d2b43c1d5f1406ed048f377c0fc9fc8f7b0447a478d5c65ab3d3a66eb/cryptography-46.0.5-cp38-abi3-musllinux_1_2_x86_64.whl", hash = "sha256:ced80795227d70549a411a4ab66e8ce307899fad2220ce5ab2f296e687eacde9", size = 4667123, upload-time = "2026-02-10T19:18:15.886Z" },
    { url = "https://files.pythonhosted.org/packages/45/2d/9c5f2926cb5300a8eefc3f4f0b3f3df39db7f7ce40c8365444c49363cbda/cryptography-46.0.5-cp38-abi3-win32.whl", hash = "sha256:02f547fce831f5096c9a567fd41bc12ca8f11df260959ecc7c3202555cc47a72", size = 3010220, upload-time = "2026-02-10T19:18:17.361Z" },
    { url = "https://files.pythonhosted.org/packages/48/ef/0c2f4a8e31018a986949d34a01115dd057bf536905dca38897bacd21fac3/cryptography-46.0.5-cp38-abi3-win_amd64.whl", hash = "sha256:556e106ee01aa13484ce9b0239bca667be5004efb0aabbed28d353df86445595", size = 3467050, upload-time = "2026-02-10T19:18:18.899Z" },
]

[[package]]
name = "exceptiongroup"
version = "1.3.0"
source = { registry = "https://pypi.org/simple" }
dependencies = [
    { name = "typing-extensions" },
]
sdist = { url = "https://files.pythonhosted.org/packages/0b/9f/a65090624ecf468cdca03533906e7c69ed7588582240cfe7cc9e770b50eb/exceptiongroup-1.3.0.tar.gz", hash = "sha256:b241f5885f560bc56a59ee63ca4c6a8bfa46ae4ad651af316d4e81817bb9fd88", size = 29749, upload-time = "2025-05-10T17:42:51.123Z" }
wheels = [
    { url = "https://files.pythonhosted.org/packages/36/f4/c6e662dade71f56cd2f3735141b265c3c79293c109549c1e6933b0651ffc/exceptiongroup-1.3.0-py3-none-any.whl", hash = "sha256:4d111e6e0c13d0644cad6ddaa7ed0261a0b36971f6d23e7ec9b4b9097da78a10", size = 16674, upload-time = "2025-05-10T17:42:49.33Z" },
]

[[package]]
name = "flask"
version = "3.1.3"
source = { registry = "https://pypi.org/simple" }
dependencies = [
    { name = "blinker" },
    { name = "click" },
    { name = "importlib-metadata" },
    { name = "itsdangerous" },
    { name = "jinja2" },
    { name = "markupsafe" },
    { name = "werkzeug" },
]
sdist = { url = "https://files.pythonhosted.org/packages/26/00/35d85dcce6c57fdc871f3867d465d780f302a175ea360f62533f12b27e2b/flask-3.1.3.tar.gz", hash = "sha256:0ef0e52b8a9cd932855379197dd8f94047b359ca0a78695144304cb45f87c9eb", size = 759004, upload-time = "2026-02-19T05:00:57.678Z" }
wheels = [
    { url = "https://files.pythonhosted.org/packages/7f/9c/34f6962f9b9e9c71f6e5ed806e0d0ff03c9d1b0b2340088a0cf4bce09b18/flask-3.1.3-py3-none-any.whl", hash = "sha256:f4bcbefc124291925f1a26446da31a5178f9483862233b23c0c96a20701f670c", size = 103424, upload-time = "2026-02-19T05:00:56.027Z" },
]

[[package]]
name = "idna"
version = "3.10"
source = { registry = "https://pypi.org/simple" }
sdist = { url = "https://files.pythonhosted.org/packages/f1/70/7703c29685631f5a7590aa73f1f1d3fa9a380e654b86af429e0934a32f7d/idna-3.10.tar.gz", hash = "sha256:12f65c9b470abda6dc35cf8e63cc574b1c52b11df2c86030af0ac09b01b13ea9", size = 190490, upload-time = "2024-09-15T18:07:39.745Z" }
wheels = [
    { url = "https://files.pythonhosted.org/packages/76/c6/c88e154df9c4e1a2a66ccf0005a88dfb2650c1dffb6f5ce603dfbd452ce3/idna-3.10-py3-none-any.whl", hash = "sha256:946d195a0d259cbba61165e88e65941f16e9b36ea6ddb97f00452bae8b1287d3", size = 70442, upload-time = "2024-09-15T18:07:37.964Z" },
]

[[package]]
name = "importlib-metadata"
version = "8.7.0"
source = { registry = "https://pypi.org/simple" }
dependencies = [
    { name = "zipp" },
]
sdist = { url = "https://files.pythonhosted.org/packages/76/66/650a33bd90f786193e4de4b3ad86ea60b53c89b669a5c7be931fac31cdb0/importlib_metadata-8.7.0.tar.gz", hash = "sha256:d13b81ad223b890aa16c5471f2ac3056cf76c5f10f82d6f9292f0b415f389000", size = 56641, upload-time = "2025-04-27T15:29:01.736Z" }
wheels = [
    { url = "https://files.pythonhosted.org/packages/20/b0/36bd937216ec521246249be3bf9855081de4c5e06a0c9b4219dbeda50373/importlib_metadata-8.7.0-py3-none-any.whl", hash = "sha256:e5dd1551894c77868a30651cef00984d50e1002d06942a7101d34870c5f02afd", size = 27656, upload-time = "2025-04-27T15:29:00.214Z" },
]

[[package]]
name = "iniconfig"
version = "2.1.0"
source = { registry = "https://pypi.org/simple" }
sdist = { url = "https://files.pythonhosted.org/packages/f2/97/ebf4da567aa6827c909642694d71c9fcf53e5b504f2d96afea02718862f3/iniconfig-2.1.0.tar.gz", hash = "sha256:3abbd2e30b36733fee78f9c7f7308f2d0050e88f0087fd25c2645f63c773e1c7", size = 4793, upload-time = "2025-03-19T20:09:59.721Z" }
wheels = [
    { url = "https://files.pythonhosted.org/packages/2c/e1/e6716421ea10d38022b952c159d5161ca1193197fb744506875fbb87ea7b/iniconfig-2.1.0-py3-none-any.whl", hash = "sha256:9deba5723312380e77435581c6bf4935c94cbfab9b1ed33ef8d238ea168eb760", size = 6050, upload-time = "2025-03-19T20:10:01.071Z" },
]

[[package]]
name = "itsdangerous"
version = "2.2.0"
source = { registry = "https://pypi.org/simple" }
sdist = { url = "https://files.pythonhosted.org/packages/9c/cb/8ac0172223afbccb63986cc25049b154ecfb5e85932587206f42317be31d/itsdangerous-2.2.0.tar.gz", hash = "sha256:e0050c0b7da1eea53ffaf149c0cfbb5c6e2e2b69c4bef22c81fa6eb73e5f6173", size = 54410, upload-time = "2024-04-16T21:28:15.614Z" }
wheels = [
    { url = "https://files.pythonhosted.org/packages/04/96/92447566d16df59b2a776c0fb82dbc4d9e07cd95062562af01e408583fc4/itsdangerous-2.2.0-py3-none-any.whl", hash = "sha256:c6242fc49e35958c8b15141343aa660db5fc54d4f13a1db01a3f5891b98700ef", size = 16234, upload-time = "2024-04-16T21:28:14.499Z" },
]

[[package]]
name = "jinja2"
version = "3.1.6"
source = { registry = "https://pypi.org/simple" }
dependencies = [
    { name = "markupsafe" },
]
sdist = { url = "https://files.pythonhosted.org/packages/df/bf/f7da0350254c0ed7c72f3e33cef02e048281fec7ecec5f032d4aac52226b/jinja2-3.1.6.tar.gz", hash = "sha256:0137fb05990d35f1275a587e9aee6d56da821fc83491a0fb838183be43f66d6d", size = 245115, upload-time = "2025-03-05T20:05:02.478Z" }
wheels = [
    { url = "https://files.pythonhosted.org/packages/62/a1/3d680cbfd5f4b8f15abc1d571870c5fc3e594bb582bc3b64ea099db13e56/jinja2-3.1.6-py3-none-any.whl", hash = "sha256:85ece4451f492d0c13c5dd7c13a64681a86afae63a5f347908daf103ce6d2f67", size = 134899, upload-time = "2025-03-05T20:05:00.369Z" },
]

[[package]]
name = "markupsafe"
version = "3.0.2"
source = { registry = "https://pypi.org/simple" }
sdist = { url = "https://files.pythonhosted.org/packages/b2/97/5d42485e71dfc078108a86d6de8fa46db44a1a9295e89c5d6d4a06e23a62/markupsafe-3.0.2.tar.gz", hash = "sha256:ee55d3edf80167e48ea11a923c7386f4669df67d7994554387f84e7d8b0a2bf0", size = 20537, upload-time = "2024-10-18T15:21:54.129Z" }
wheels = [
    { url = "https://files.pythonhosted.org/packages/a7/ea/9b1530c3fdeeca613faeb0fb5cbcf2389d816072fab72a71b45749ef6062/MarkupSafe-3.0.2-cp39-cp39-macosx_10_9_universal2.whl", hash = "sha256:eaa0a10b7f72326f1372a713e73c3f739b524b3af41feb43e4921cb529f5929a", size = 14344, upload-time = "2024-10-18T15:21:43.721Z" },
    { url = "https://files.pythonhosted.org/packages/4b/c2/fbdbfe48848e7112ab05e627e718e854d20192b674952d9042ebd8c9e5de/MarkupSafe-3.0.2-cp39-cp39-macosx_11_0_arm64.whl", hash = "sha256:48032821bbdf20f5799ff537c7ac3d1fba0ba032cfc06194faffa8cda8b560ff", size = 12389, upload-time = "2024-10-18T15:21:44.666Z" },
    { url = "https://files.pythonhosted.org/packages/f0/25/7a7c6e4dbd4f867d95d94ca15449e91e52856f6ed1905d58ef1de5e211d0/MarkupSafe-3.0.2-cp39-cp39-manylinux_2_17_aarch64.manylinux2014_aarch64.whl", hash = "sha256:1a9d3f5f0901fdec14d8d2f66ef7d035f2157240a433441719ac9a3fba440b13", size = 21607, upload-time = "2024-10-18T15:21:45.452Z" },
    { url = "https://files.pythonhosted.org/packages/53/8f/f339c98a178f3c1e545622206b40986a4c3307fe39f70ccd3d9df9a9e425/MarkupSafe-3.0.2-cp39-cp39-manylinux_2_17_x86_64.manylinux2014_x86_64.whl", hash = "sha256:88b49a3b9ff31e19998750c38e030fc7bb937398b1f78cfa599aaef92d693144", size = 20728, upload-time = "2024-10-18T15:21:46.295Z" },
    { url = "https://files.pythonhosted.org/packages/1a/03/8496a1a78308456dbd50b23a385c69b41f2e9661c67ea1329849a598a8f9/MarkupSafe-3.0.2-cp39-cp39-manylinux_2_5_i686.manylinux1_i686.manylinux_2_17_i686.manylinux2014_i686.whl", hash = "sha256:cfad01eed2c2e0c01fd0ecd2ef42c492f7f93902e39a42fc9ee1692961443a29", size = 20826, upload-time = "2024-10-18T15:21:47.134Z" },
    { url = "https://files.pythonhosted.org/packages/e6/cf/0a490a4bd363048c3022f2f475c8c05582179bb179defcee4766fb3dcc18/MarkupSafe-3.0.2-cp39-cp39-musllinux_1_2_aarch64.whl", hash = "sha256:1225beacc926f536dc82e45f8a4d68502949dc67eea90eab715dea3a21c1b5f0", size = 21843, upload-time = "2024-10-18T15:21:48.334Z" },
    { url = "https://files.pythonhosted.org/packages/19/a3/34187a78613920dfd3cdf68ef6ce5e99c4f3417f035694074beb8848cd77/MarkupSafe-3.0.2-cp39-cp39-musllinux_1_2_i686.whl", hash = "sha256:3169b1eefae027567d1ce6ee7cae382c57fe26e82775f460f0b2778beaad66c0", size = 21219, upload-time = "2024-10-18T15:21:49.587Z" },
    { url = "https://files.pythonhosted.org/packages/17/d8/5811082f85bb88410ad7e452263af048d685669bbbfb7b595e8689152498/MarkupSafe-3.0.2-cp39-cp39-musllinux_1_2_x86_64.whl", hash = "sha256:eb7972a85c54febfb25b5c4b4f3af4dcc731994c7da0d8a0b4a6eb0640e1d178", size = 20946, upload-time = "2024-10-18T15:21:50.441Z" },
    { url = "https://files.pythonhosted.org/packages/7c/31/bd635fb5989440d9365c5e3c47556cfea121c7803f5034ac843e8f37c2f2/MarkupSafe-3.0.2-cp39-cp39-win32.whl", hash = "sha256:8c4e8c3ce11e1f92f6536ff07154f9d49677ebaaafc32db9db4620bc11ed480f", size = 15063, upload-time = "2024-10-18T15:21:51.385Z" },
    { url = "https://files.pythonhosted.org/packages/b3/73/085399401383ce949f727afec55ec3abd76648d04b9f22e1c0e99cb4bec3/MarkupSafe-3.0.2-cp39-cp39-win_amd64.whl", hash = "sha256:6e296a513ca3d94054c2c881cc913116e90fd030ad1c656b3869762b754f5f8a", size = 15506, upload-time = "2024-10-18T15:21:52.974Z" },
]

[[package]]
name = "msal"
version = "1.32.3"
source = { registry = "https://pypi.org/simple" }
dependencies = [
    { name = "cryptography" },
    { name = "pyjwt", extra = ["crypto"] },
    { name = "requests" },
]
sdist = { url = "https://files.pythonhosted.org/packages/3f/90/81dcc50f0be11a8c4dcbae1a9f761a26e5f905231330a7cacc9f04ec4c61/msal-1.32.3.tar.gz", hash = "sha256:5eea038689c78a5a70ca8ecbe1245458b55a857bd096efb6989c69ba15985d35", size = 151449, upload-time = "2025-04-25T13:12:34.204Z" }
wheels = [
    { url = "https://files.pythonhosted.org/packages/04/bf/81516b9aac7fd867709984d08eb4db1d2e3fe1df795c8e442cde9b568962/msal-1.32.3-py3-none-any.whl", hash = "sha256:b2798db57760b1961b142f027ffb7c8169536bf77316e99a0df5c4aaebb11569", size = 115358, upload-time = "2025-04-25T13:12:33.034Z" },
]

[[package]]
name = "msal-extensions"
version = "1.3.1"
source = { registry = "https://pypi.org/simple" }
dependencies = [
    { name = "msal" },
]
sdist = { url = "https://files.pythonhosted.org/packages/01/99/5d239b6156eddf761a636bded1118414d161bd6b7b37a9335549ed159396/msal_extensions-1.3.1.tar.gz", hash = "sha256:c5b0fd10f65ef62b5f1d62f4251d51cbcaf003fcedae8c91b040a488614be1a4", size = 23315, upload-time = "2025-03-14T23:51:03.902Z" }
wheels = [
    { url = "https://files.pythonhosted.org/packages/5e/75/bd9b7bb966668920f06b200e84454c8f3566b102183bc55c5473d96cb2b9/msal_extensions-1.3.1-py3-none-any.whl", hash = "sha256:96d3de4d034504e969ac5e85bae8106c8373b5c6568e4c8fa7af2eca9dbe6bca", size = 20583, upload-time = "2025-03-14T23:51:03.016Z" },
]

[[package]]
name = "packaging"
version = "25.0"
source = { registry = "https://pypi.org/simple" }
sdist = { url = "https://files.pythonhosted.org/packages/a1/d4/1fc4078c65507b51b96ca8f8c3ba19e6a61c8253c72794544580a7b6c24d/packaging-25.0.tar.gz", hash = "sha256:d443872c98d677bf60f6a1f2f8c1cb748e8fe762d2bf9d3148b5599295b0fc4f", size = 165727, upload-time = "2025-04-19T11:48:59.673Z" }
wheels = [
    { url = "https://files.pythonhosted.org/packages/20/12/38679034af332785aac8774540895e234f4d07f7545804097de4b666afd8/packaging-25.0-py3-none-any.whl", hash = "sha256:29572ef2b1f17581046b3a2227d5c611fb25ec70ca1ba8554b24b0e69331a484", size = 66469, upload-time = "2025-04-19T11:48:57.875Z" },
]

[[package]]
name = "pluggy"
version = "1.6.0"
source = { registry = "https://pypi.org/simple" }
sdist = { url = "https://files.pythonhosted.org/packages/f9/e2/3e91f31a7d2b083fe6ef3fa267035b518369d9511ffab804f839851d2779/pluggy-1.6.0.tar.gz", hash = "sha256:7dcc130b76258d33b90f61b658791dede3486c3e6bfb003ee5c9bfb396dd22f3", size = 69412, upload-time = "2025-05-15T12:30:07.975Z" }
wheels = [
    { url = "https://files.pythonhosted.org/packages/54/20/4d324d65cc6d9205fabedc306948156824eb9f0ee1633355a8f7ec5c66bf/pluggy-1.6.0-py3-none-any.whl", hash = "sha256:e920276dd6813095e9377c0bc5566d94c932c33b27a3e3945d8389c374dd4746", size = 20538, upload-time = "2025-05-15T12:30:06.134Z" },
]

[[package]]
name = "pycparser"
version = "2.22"
source = { registry = "https://pypi.org/simple" }
sdist = { url = "https://files.pythonhosted.org/packages/1d/b2/31537cf4b1ca988837256c910a668b553fceb8f069bedc4b1c826024b52c/pycparser-2.22.tar.gz", hash = "sha256:491c8be9c040f5390f5bf44a5b07752bd07f56edf992381b05c701439eec10f6", size = 172736, upload-time = "2024-03-30T13:22:22.564Z" }
wheels = [
    { url = "https://files.pythonhosted.org/packages/13/a3/a812df4e2dd5696d1f351d58b8fe16a405b234ad2886a0dab9183fb78109/pycparser-2.22-py3-none-any.whl", hash = "sha256:c3702b6d3dd8c7abc1afa565d7e63d53a1d0bd86cdc24edd75470f4de499cfcc", size = 117552, upload-time = "2024-03-30T13:22:20.476Z" },
]

[[package]]
name = "pygments"
version = "2.19.1"
source = { registry = "https://pypi.org/simple" }
sdist = { url = "https://files.pythonhosted.org/packages/7c/2d/c3338d48ea6cc0feb8446d8e6937e1408088a72a39937982cc6111d17f84/pygments-2.19.1.tar.gz", hash = "sha256:61c16d2a8576dc0649d9f39e089b5f02bcd27fba10d8fb4dcc28173f7a45151f", size = 4968581, upload-time = "2025-01-06T17:26:30.443Z" }
wheels = [
    { url = "https://files.pythonhosted.org/packages/8a/0b/9fcc47d19c48b59121088dd6da2488a49d5f72dacf8262e2790a1d2c7d15/pygments-2.19.1-py3-none-any.whl", hash = "sha256:9ea1544ad55cecf4b8242fab6dd35a93bbce657034b0611ee383099054ab6d8c", size = 1225293, upload-time = "2025-01-06T17:26:25.553Z" },
]

[[package]]
name = "pyjwt"
version = "2.10.1"
source = { registry = "https://pypi.org/simple" }
sdist = { url = "https://files.pythonhosted.org/packages/e7/46/bd74733ff231675599650d3e47f361794b22ef3e3770998dda30d3b63726/pyjwt-2.10.1.tar.gz", hash = "sha256:3cc5772eb20009233caf06e9d8a0577824723b44e6648ee0a2aedb6cf9381953", size = 87785, upload-time = "2024-11-28T03:43:29.933Z" }
wheels = [
    { url = "https://files.pythonhosted.org/packages/61/ad/689f02752eeec26aed679477e80e632ef1b682313be70793d798c1d5fc8f/PyJWT-2.10.1-py3-none-any.whl", hash = "sha256:dcdd193e30abefd5debf142f9adfcdd2b58004e644f25406ffaebd50bd98dacb", size = 22997, upload-time = "2024-11-28T03:43:27.893Z" },
]

[package.optional-dependencies]
crypto = [
    { name = "cryptography" },
]

[[package]]
name = "pytest"
version = "8.4.0"
source = { registry = "https://pypi.org/simple" }
dependencies = [
    { name = "colorama", marker = "sys_platform == 'win32'" },
    { name = "exceptiongroup" },
    { name = "iniconfig" },
    { name = "packaging" },
    { name = "pluggy" },
    { name = "pygments" },
    { name = "tomli" },
]
sdist = { url = "https://files.pythonhosted.org/packages/fb/aa/405082ce2749be5398045152251ac69c0f3578c7077efc53431303af97ce/pytest-8.4.0.tar.gz", hash = "sha256:14d920b48472ea0dbf68e45b96cd1ffda4705f33307dcc86c676c1b5104838a6", size = 1515232, upload-time = "2025-06-02T17:36:30.03Z" }
wheels = [
    { url = "https://files.pythonhosted.org/packages/2f/de/afa024cbe022b1b318a3d224125aa24939e99b4ff6f22e0ba639a2eaee47/pytest-8.4.0-py3-none-any.whl", hash = "sha256:f40f825768ad76c0977cbacdf1fd37c6f7a468e460ea6a0636078f8972d4517e", size = 363797, upload-time = "2025-06-02T17:36:27.859Z" },
]

[[package]]
name = "pytest-cov"
version = "6.1.1"
source = { registry = "https://pypi.org/simple" }
dependencies = [
    { name = "coverage", extra = ["toml"] },
    { name = "pytest" },
]
sdist = { url = "https://files.pythonhosted.org/packages/25/69/5f1e57f6c5a39f81411b550027bf72842c4567ff5fd572bed1edc9e4b5d9/pytest_cov-6.1.1.tar.gz", hash = "sha256:46935f7aaefba760e716c2ebfbe1c216240b9592966e7da99ea8292d4d3e2a0a", size = 66857, upload-time = "2025-04-05T14:07:51.592Z" }
wheels = [
    { url = "https://files.pythonhosted.org/packages/28/d0/def53b4a790cfb21483016430ed828f64830dd981ebe1089971cd10cab25/pytest_cov-6.1.1-py3-none-any.whl", hash = "sha256:bddf29ed2d0ab6f4df17b4c55b0a657287db8684af9c42ea546b21b1041b3dde", size = 23841, upload-time = "2025-04-05T14:07:49.641Z" },
]

[[package]]
name = "pytest-env"
version = "1.1.5"
source = { registry = "https://pypi.org/simple" }
dependencies = [
    { name = "pytest" },
    { name = "tomli" },
]
sdist = { url = "https://files.pythonhosted.org/packages/1f/31/27f28431a16b83cab7a636dce59cf397517807d247caa38ee67d65e71ef8/pytest_env-1.1.5.tar.gz", hash = "sha256:91209840aa0e43385073ac464a554ad2947cc2fd663a9debf88d03b01e0cc1cf", size = 8911, upload-time = "2024-09-17T22:39:18.566Z" }
wheels = [
    { url = "https://files.pythonhosted.org/packages/de/b8/87cfb16045c9d4092cfcf526135d73b88101aac83bc1adcf82dfb5fd3833/pytest_env-1.1.5-py3-none-any.whl", hash = "sha256:ce90cf8772878515c24b31cd97c7fa1f4481cd68d588419fd45f10ecaee6bc30", size = 6141, upload-time = "2024-09-17T22:39:16.942Z" },
]

[[package]]
name = "requests"
version = "2.32.4"
source = { registry = "https://pypi.org/simple" }
dependencies = [
    { name = "certifi" },
    { name = "charset-normalizer" },
    { name = "idna" },
    { name = "urllib3" },
]
sdist = { url = "https://files.pythonhosted.org/packages/e1/0a/929373653770d8a0d7ea76c37de6e41f11eb07559b103b1c02cafb3f7cf8/requests-2.32.4.tar.gz", hash = "sha256:27d0316682c8a29834d3264820024b62a36942083d52caf2f14c0591336d3422", size = 135258, upload-time = "2025-06-09T16:43:07.34Z" }
wheels = [
    { url = "https://files.pythonhosted.org/packages/7c/e4/56027c4a6b4ae70ca9de302488c5ca95ad4a39e190093d6c1a8ace08341b/requests-2.32.4-py3-none-any.whl", hash = "sha256:27babd3cda2a6d50b30443204ee89830707d396671944c998b5975b031ac2b2c", size = 64847, upload-time = "2025-06-09T16:43:05.728Z" },
]

[[package]]
name = "tomli"
version = "2.2.1"
source = { registry = "https://pypi.org/simple" }
sdist = { url = "https://files.pythonhosted.org/packages/18/87/302344fed471e44a87289cf4967697d07e532f2421fdaf868a303cbae4ff/tomli-2.2.1.tar.gz", hash = "sha256:cd45e1dc79c835ce60f7404ec8119f2eb06d38b1deba146f07ced3bbc44505ff", size = 17175, upload-time = "2024-11-27T22:38:36.873Z" }
wheels = [
    { url = "https://files.pythonhosted.org/packages/6e/c2/61d3e0f47e2b74ef40a68b9e6ad5984f6241a942f7cd3bbfbdbd03861ea9/tomli-2.2.1-py3-none-any.whl", hash = "sha256:cb55c73c5f4408779d0cf3eef9f762b9c9f147a77de7b258bef0a5628adc85cc", size = 14257, upload-time = "2024-11-27T22:38:35.385Z" },
]

[[package]]
name = "typing-extensions"
version = "4.14.0"
source = { registry = "https://pypi.org/simple" }
sdist = { url = "https://files.pythonhosted.org/packages/d1/bc/51647cd02527e87d05cb083ccc402f93e441606ff1f01739a62c8ad09ba5/typing_extensions-4.14.0.tar.gz", hash = "sha256:8676b788e32f02ab42d9e7c61324048ae4c6d844a399eebace3d4979d75ceef4", size = 107423, upload-time = "2025-06-02T14:52:11.399Z" }
wheels = [
    { url = "https://files.pythonhosted.org/packages/69/e0/552843e0d356fbb5256d21449fa957fa4eff3bbc135a74a691ee70c7c5da/typing_extensions-4.14.0-py3-none-any.whl", hash = "sha256:a1514509136dd0b477638fc68d6a91497af5076466ad0fa6c338e44e359944af", size = 43839, upload-time = "2025-06-02T14:52:10.026Z" },
]

[[package]]
name = "urllib3"
version = "2.6.3"
source = { registry = "https://pypi.org/simple" }
sdist = { url = "https://files.pythonhosted.org/packages/c7/24/5f1b3bdffd70275f6661c76461e25f024d5a38a46f04aaca912426a2b1d3/urllib3-2.6.3.tar.gz", hash = "sha256:1b62b6884944a57dbe321509ab94fd4d3b307075e0c2eae991ac71ee15ad38ed", size = 435556, upload-time = "2026-01-07T16:24:43.925Z" }
wheels = [
    { url = "https://files.pythonhosted.org/packages/39/08/aaaad47bc4e9dc8c725e68f9d04865dbcb2052843ff09c97b08904852d84/urllib3-2.6.3-py3-none-any.whl", hash = "sha256:bf272323e553dfb2e87d9bfd225ca7b0f467b919d7bbd355436d3fd37cb0acd4", size = 131584, upload-time = "2026-01-07T16:24:42.685Z" },
]

[[package]]
name = "werkzeug"
version = "3.1.5"
source = { registry = "https://pypi.org/simple" }
dependencies = [
    { name = "markupsafe" },
]
sdist = { url = "https://files.pythonhosted.org/packages/5a/70/1469ef1d3542ae7c2c7b72bd5e3a4e6ee69d7978fa8a3af05a38eca5becf/werkzeug-3.1.5.tar.gz", hash = "sha256:6a548b0e88955dd07ccb25539d7d0cc97417ee9e179677d22c7041c8f078ce67", size = 864754, upload-time = "2026-01-08T17:49:23.247Z" }
wheels = [
    { url = "https://files.pythonhosted.org/packages/ad/e4/8d97cca767bcc1be76d16fb76951608305561c6e056811587f36cb1316a8/werkzeug-3.1.5-py3-none-any.whl", hash = "sha256:5111e36e91086ece91f93268bb39b4a35c1e6f1feac762c9c822ded0a4e322dc", size = 225025, upload-time = "2026-01-08T17:49:21.859Z" },
]

[[package]]
name = "zipp"
version = "3.22.0"
source = { registry = "https://pypi.org/simple" }
sdist = { url = "https://files.pythonhosted.org/packages/12/b6/7b3d16792fdf94f146bed92be90b4eb4563569eca91513c8609aebf0c167/zipp-3.22.0.tar.gz", hash = "sha256:dd2f28c3ce4bc67507bfd3781d21b7bb2be31103b51a4553ad7d90b84e57ace5", size = 25257, upload-time = "2025-05-26T14:46:32.217Z" }
wheels = [
    { url = "https://files.pythonhosted.org/packages/ad/da/f64669af4cae46f17b90798a827519ce3737d31dbafad65d391e49643dc4/zipp-3.22.0-py3-none-any.whl", hash = "sha256:fe208f65f2aca48b81f9e6fd8cf7b8b32c26375266b009b413d45306b6148343", size = 9796, upload-time = "2025-05-26T14:46:30.775Z" },
]
